
Microsoft Visual Studio Solution File, Format Version 12.00
# Visual Studio 15
VisualStudioVersion = 15.0.26228.4
MinimumVisualStudioVersion = 10.0.40219.1
Project("{FAE04EC0-301F-11D3-BF4B-00C04F79EFBC}") = "Lab1", "Lab1\Lab1.csproj", "{6A5F2637-8F50-4A15-BC77-D769D54F076E}"
EndProject
Project("{FAE04EC0-301F-11D3-BF4B-00C04F79EFBC}") = "Lab2_1", "Lab2_1\Lab2_1.csproj", "{93574584-E84B-4D89-84E7-43CBA256390A}"
EndProject
Project("{FAE04EC0-301F-11D3-BF4B-00C04F79EFBC}") = "Lab3_1", "Lab3_1\Lab3_1.csproj", "{2458E486-2610-4E9B-94EB-C687CEEFD845}"
EndProject
Project("{FAE04EC0-301F-11D3-BF4B-00C04F79EFBC}") = "Lab3_2_Client", "Lab3_2\Lab3_2_Client.csproj", "{FADD4FD9-492A-4DAB-8435-65436CC3BDF6}"
EndProject
Project("{FAE04EC0-301F-11D3-BF4B-00C04F79EFBC}") = "Lab2_2", "Lab2_2\Lab2_2.csproj", "{3926EB6C-A78C-4BE3-937B-BAD85A472C07}"
EndProject
Project("{FAE04EC0-301F-11D3-BF4B-00C04F79EFBC}") = "Lab4_Service", "Lab4_Service\Lab4_Service.csproj", "{69E99A8E-8A18-431E-8A6F-649671B3656C}"
EndProject
Project("{FAE04EC0-301F-11D3-BF4B-00C04F79EFBC}") = "Lab4_Bonus", "Lab4_Bonus\Lab4_Bonus.csproj", "{240DF444-5C30-46A8-94F4-F48A47BC69DB}"
EndProject
Project("{FAE04EC0-301F-11D3-BF4B-00C04F79EFBC}") = "Project_Server", "Project_Server\Project_Server.csproj", "{AFB20D1D-0685-4D72-8E17-73965F39DBC9}"
EndProject
Project("{FAE04EC0-301F-11D3-BF4B-00C04F79EFBC}") = "Project_Client_WinForm", "Project_Client_WinForm\Project_Client_WinForm.csproj", "{F9744954-9C66-484B-BF57-AD703E5877DE}"
EndProject
Project("{FAE04EC0-301F-11D3-BF4B-00C04F79EFBC}") = "Project_Client_ASP.NET", "Project_Client_ASP.NET\Project_Client_ASP.NET.csproj", "{E75AF212-C8F5-44E2-B820-208F450BC6E5}"
EndProject
Global
	GlobalSection(SolutionConfigurationPlatforms) = preSolution
		Debug|Any CPU = Debug|Any CPU
		Release|Any CPU = Release|Any CPU
	EndGlobalSection
	GlobalSection(ProjectConfigurationPlatforms) = postSolution
		{6A5F2637-8F50-4A15-BC77-D769D54F076E}.Debug|Any CPU.ActiveCfg = Debug|Any CPU
		{6A5F2637-8F50-4A15-BC77-D769D54F076E}.Debug|Any CPU.Build.0 = Debug|Any CPU
		{6A5F2637-8F50-4A15-BC77-D769D54F076E}.Release|Any CPU.ActiveCfg = Release|Any CPU
		{6A5F2637-8F50-4A15-BC77-D769D54F076E}.Release|Any CPU.Build.0 = Release|Any CPU
		{93574584-E84B-4D89-84E7-43CBA256390A}.Debug|Any CPU.ActiveCfg = Debug|Any CPU
		{93574584-E84B-4D89-84E7-43CBA256390A}.Debug|Any CPU.Build.0 = Debug|Any CPU
		{93574584-E84B-4D89-84E7-43CBA256390A}.Release|Any CPU.ActiveCfg = Release|Any CPU
		{93574584-E84B-4D89-84E7-43CBA256390A}.Release|Any CPU.Build.0 = Release|Any CPU
		{2458E486-2610-4E9B-94EB-C687CEEFD845}.Debug|Any CPU.ActiveCfg = Debug|Any CPU
		{2458E486-2610-4E9B-94EB-C687CEEFD845}.Debug|Any CPU.Build.0 = Debug|Any CPU
		{2458E486-2610-4E9B-94EB-C687CEEFD845}.Release|Any CPU.ActiveCfg = Release|Any CPU
		{2458E486-2610-4E9B-94EB-C687CEEFD845}.Release|Any CPU.Build.0 = Release|Any CPU
		{FADD4FD9-492A-4DAB-8435-65436CC3BDF6}.Debug|Any CPU.ActiveCfg = Debug|Any CPU
		{FADD4FD9-492A-4DAB-8435-65436CC3BDF6}.Debug|Any CPU.Build.0 = Debug|Any CPU
		{FADD4FD9-492A-4DAB-8435-65436CC3BDF6}.Release|Any CPU.ActiveCfg = Release|Any CPU
		{FADD4FD9-492A-4DAB-8435-65436CC3BDF6}.Release|Any CPU.Build.0 = Release|Any CPU
		{3926EB6C-A78C-4BE3-937B-BAD85A472C07}.Debug|Any CPU.ActiveCfg = Debug|Any CPU
		{3926EB6C-A78C-4BE3-937B-BAD85A472C07}.Debug|Any CPU.Build.0 = Debug|Any CPU
		{3926EB6C-A78C-4BE3-937B-BAD85A472C07}.Release|Any CPU.ActiveCfg = Release|Any CPU
		{3926EB6C-A78C-4BE3-937B-BAD85A472C07}.Release|Any CPU.Build.0 = Release|Any CPU
		{69E99A8E-8A18-431E-8A6F-649671B3656C}.Debug|Any CPU.ActiveCfg = Debug|Any CPU
		{69E99A8E-8A18-431E-8A6F-649671B3656C}.Debug|Any CPU.Build.0 = Debug|Any CPU
		{69E99A8E-8A18-431E-8A6F-649671B3656C}.Release|Any CPU.ActiveCfg = Release|Any CPU
		{69E99A8E-8A18-431E-8A6F-649671B3656C}.Release|Any CPU.Build.0 = Release|Any CPU
		{240DF444-5C30-46A8-94F4-F48A47BC69DB}.Debug|Any CPU.ActiveCfg = Debug|Any CPU
		{240DF444-5C30-46A8-94F4-F48A47BC69DB}.Debug|Any CPU.Build.0 = Debug|Any CPU
		{240DF444-5C30-46A8-94F4-F48A47BC69DB}.Release|Any CPU.ActiveCfg = Release|Any CPU
		{240DF444-5C30-46A8-94F4-F48A47BC69DB}.Release|Any CPU.Build.0 = Release|Any CPU
		{AFB20D1D-0685-4D72-8E17-73965F39DBC9}.Debug|Any CPU.ActiveCfg = Debug|Any CPU
		{AFB20D1D-0685-4D72-8E17-73965F39DBC9}.Debug|Any CPU.Build.0 = Debug|Any CPU
		{AFB20D1D-0685-4D72-8E17-73965F39DBC9}.Release|Any CPU.ActiveCfg = Release|Any CPU
		{AFB20D1D-0685-4D72-8E17-73965F39DBC9}.Release|Any CPU.Build.0 = Release|Any CPU
		{F9744954-9C66-484B-BF57-AD703E5877DE}.Debug|Any CPU.ActiveCfg = Debug|Any CPU
		{F9744954-9C66-484B-BF57-AD703E5877DE}.Debug|Any CPU.Build.0 = Debug|Any CPU
		{F9744954-9C66-484B-BF57-AD703E5877DE}.Release|Any CPU.ActiveCfg = Release|Any CPU
		{F9744954-9C66-484B-BF57-AD703E5877DE}.Release|Any CPU.Build.0 = Release|Any CPU
		{E75AF212-C8F5-44E2-B820-208F450BC6E5}.Debug|Any CPU.ActiveCfg = Debug|Any CPU
		{E75AF212-C8F5-44E2-B820-208F450BC6E5}.Debug|Any CPU.Build.0 = Debug|Any CPU
		{E75AF212-C8F5-44E2-B820-208F450BC6E5}.Release|Any CPU.ActiveCfg = Release|Any CPU
		{E75AF212-C8F5-44E2-B820-208F450BC6E5}.Release|Any CPU.Build.0 = Release|Any CPU
	EndGlobalSection
	GlobalSection(SolutionProperties) = preSolution
		HideSolutionNode = FALSE
	EndGlobalSection
EndGlobal
